
Microsoft Visual Studio Solution File, Format Version 12.00
# Visual Studio 15
VisualStudioVersion = 15.0.27004.2008
MinimumVisualStudioVersion = 10.0.40219.1
Project("{FAE04EC0-301F-11D3-BF4B-00C04F79EFBC}") = "PLANetary.Desktop", "PLANetary.Desktop\PLANetary.Desktop.csproj", "{13CB55D6-9A7C-45EC-9D14-73B77C6DBA75}"
EndProject
Project("{FAE04EC0-301F-11D3-BF4B-00C04F79EFBC}") = "PLANetary.Tests", "PLANetary.Tests\PLANetary.Tests.csproj", "{C13A5C80-B697-4F30-8B28-105EA918EFBF}"
EndProject
Project("{FAE04EC0-301F-11D3-BF4B-00C04F79EFBC}") = "PLANetary.Communication", "PLANetary.Communication\PLANetary.Communication.csproj", "{0285472E-33B3-4965-86AF-2FA26F248BCC}"
EndProject
Project("{FAE04EC0-301F-11D3-BF4B-00C04F79EFBC}") = "ChartTools", "ChartTools\ChartTools.csproj", "{A21EB590-764F-4365-9B86-4F1758BF9CF1}"
EndProject
Project("{FAE04EC0-301F-11D3-BF4B-00C04F79EFBC}") = "DemoNode", "DemoNode\DemoNode.csproj", "{FCA5C671-5169-471C-8BB9-B7237A93C276}"
EndProject
Project("{FAE04EC0-301F-11D3-BF4B-00C04F79EFBC}") = "PLANetary.Core", "PLANetary.Core\PLANetary.Core.csproj", "{A355AEE7-07E9-4B87-908C-4EE8E9D670BA}"
EndProject
Global
	GlobalSection(SolutionConfigurationPlatforms) = preSolution
		Debug|Any CPU = Debug|Any CPU
		Debug|Mixed Platforms = Debug|Mixed Platforms
		Debug|x86 = Debug|x86
		Release|Any CPU = Release|Any CPU
		Release|Mixed Platforms = Release|Mixed Platforms
		Release|x86 = Release|x86
	EndGlobalSection
	GlobalSection(ProjectConfigurationPlatforms) = postSolution
		{13CB55D6-9A7C-45EC-9D14-73B77C6DBA75}.Debug|Any CPU.ActiveCfg = Debug|x86
		{13CB55D6-9A7C-45EC-9D14-73B77C6DBA75}.Debug|Mixed Platforms.ActiveCfg = Debug|x86
		{13CB55D6-9A7C-45EC-9D14-73B77C6DBA75}.Debug|Mixed Platforms.Build.0 = Debug|x86
		{13CB55D6-9A7C-45EC-9D14-73B77C6DBA75}.Debug|x86.ActiveCfg = Debug|x86
		{13CB55D6-9A7C-45EC-9D14-73B77C6DBA75}.Debug|x86.Build.0 = Debug|x86
		{13CB55D6-9A7C-45EC-9D14-73B77C6DBA75}.Release|Any CPU.ActiveCfg = Release|x86
		{13CB55D6-9A7C-45EC-9D14-73B77C6DBA75}.Release|Mixed Platforms.ActiveCfg = Release|x86
		{13CB55D6-9A7C-45EC-9D14-73B77C6DBA75}.Release|Mixed Platforms.Build.0 = Release|x86
		{13CB55D6-9A7C-45EC-9D14-73B77C6DBA75}.Release|x86.ActiveCfg = Release|x86
		{13CB55D6-9A7C-45EC-9D14-73B77C6DBA75}.Release|x86.Build.0 = Release|x86
		{C13A5C80-B697-4F30-8B28-105EA918EFBF}.Debug|Any CPU.ActiveCfg = Debug|Any CPU
		{C13A5C80-B697-4F30-8B28-105EA918EFBF}.Debug|Any CPU.Build.0 = Debug|Any CPU
		{C13A5C80-B697-4F30-8B28-105EA918EFBF}.Debug|Mixed Platforms.ActiveCfg = Debug|Any CPU
		{C13A5C80-B697-4F30-8B28-105EA918EFBF}.Debug|Mixed Platforms.Build.0 = Debug|Any CPU
		{C13A5C80-B697-4F30-8B28-105EA918EFBF}.Debug|x86.ActiveCfg = Debug|Any CPU
		{C13A5C80-B697-4F30-8B28-105EA918EFBF}.Release|Any CPU.ActiveCfg = Release|Any CPU
		{C13A5C80-B697-4F30-8B28-105EA918EFBF}.Release|Any CPU.Build.0 = Release|Any CPU
		{C13A5C80-B697-4F30-8B28-105EA918EFBF}.Release|Mixed Platforms.ActiveCfg = Release|Any CPU
		{C13A5C80-B697-4F30-8B28-105EA918EFBF}.Release|Mixed Platforms.Build.0 = Release|Any CPU
		{C13A5C80-B697-4F30-8B28-105EA918EFBF}.Release|x86.ActiveCfg = Release|Any CPU
		{0285472E-33B3-4965-86AF-2FA26F248BCC}.Debug|Any CPU.ActiveCfg = Debug|Any CPU
		{0285472E-33B3-4965-86AF-2FA26F248BCC}.Debug|Any CPU.Build.0 = Debug|Any CPU
		{0285472E-33B3-4965-86AF-2FA26F248BCC}.Debug|Mixed Platforms.ActiveCfg = Debug|Any CPU
		{0285472E-33B3-4965-86AF-2FA26F248BCC}.Debug|Mixed Platforms.Build.0 = Debug|Any CPU
		{0285472E-33B3-4965-86AF-2FA26F248BCC}.Debug|x86.ActiveCfg = Debug|Any CPU
		{0285472E-33B3-4965-86AF-2FA26F248BCC}.Release|Any CPU.ActiveCfg = Release|Any CPU
		{0285472E-33B3-4965-86AF-2FA26F248BCC}.Release|Any CPU.Build.0 = Release|Any CPU
		{0285472E-33B3-4965-86AF-2FA26F248BCC}.Release|Mixed Platforms.ActiveCfg = Release|Any CPU
		{0285472E-33B3-4965-86AF-2FA26F248BCC}.Release|Mixed Platforms.Build.0 = Release|Any CPU
		{0285472E-33B3-4965-86AF-2FA26F248BCC}.Release|x86.ActiveCfg = Release|Any CPU
		{A21EB590-764F-4365-9B86-4F1758BF9CF1}.Debug|Any CPU.ActiveCfg = Debug|Any CPU
		{A21EB590-764F-4365-9B86-4F1758BF9CF1}.Debug|Any CPU.Build.0 = Debug|Any CPU
		{A21EB590-764F-4365-9B86-4F1758BF9CF1}.Debug|Mixed Platforms.ActiveCfg = Debug|Any CPU
		{A21EB590-764F-4365-9B86-4F1758BF9CF1}.Debug|Mixed Platforms.Build.0 = Debug|Any CPU
		{A21EB590-764F-4365-9B86-4F1758BF9CF1}.Debug|x86.ActiveCfg = Debug|Any CPU
		{A21EB590-764F-4365-9B86-4F1758BF9CF1}.Release|Any CPU.ActiveCfg = Release|Any CPU
		{A21EB590-764F-4365-9B86-4F1758BF9CF1}.Release|Any CPU.Build.0 = Release|Any CPU
		{A21EB590-764F-4365-9B86-4F1758BF9CF1}.Release|Mixed Platforms.ActiveCfg = Release|Any CPU
		{A21EB590-764F-4365-9B86-4F1758BF9CF1}.Release|Mixed Platforms.Build.0 = Release|Any CPU
		{A21EB590-764F-4365-9B86-4F1758BF9CF1}.Release|x86.ActiveCfg = Release|Any CPU
		{FCA5C671-5169-471C-8BB9-B7237A93C276}.Debug|Any CPU.ActiveCfg = Debug|Any CPU
		{FCA5C671-5169-471C-8BB9-B7237A93C276}.Debug|Any CPU.Build.0 = Debug|Any CPU
		{FCA5C671-5169-471C-8BB9-B7237A93C276}.Debug|Mixed Platforms.ActiveCfg = Debug|Any CPU
		{FCA5C671-5169-471C-8BB9-B7237A93C276}.Debug|Mixed Platforms.Build.0 = Debug|Any CPU
		{FCA5C671-5169-471C-8BB9-B7237A93C276}.Debug|x86.ActiveCfg = Debug|Any CPU
		{FCA5C671-5169-471C-8BB9-B7237A93C276}.Debug|x86.Build.0 = Debug|Any CPU
		{FCA5C671-5169-471C-8BB9-B7237A93C276}.Release|Any CPU.ActiveCfg = Release|Any CPU
		{FCA5C671-5169-471C-8BB9-B7237A93C276}.Release|Any CPU.Build.0 = Release|Any CPU
		{FCA5C671-5169-471C-8BB9-B7237A93C276}.Release|Mixed Platforms.ActiveCfg = Release|Any CPU
		{FCA5C671-5169-471C-8BB9-B7237A93C276}.Release|Mixed Platforms.Build.0 = Release|Any CPU
		{FCA5C671-5169-471C-8BB9-B7237A93C276}.Release|x86.ActiveCfg = Release|Any CPU
		{FCA5C671-5169-471C-8BB9-B7237A93C276}.Release|x86.Build.0 = Release|Any CPU
		{A355AEE7-07E9-4B87-908C-4EE8E9D670BA}.Debug|Any CPU.ActiveCfg = Debug|Any CPU
		{A355AEE7-07E9-4B87-908C-4EE8E9D670BA}.Debug|Any CPU.Build.0 = Debug|Any CPU
		{A355AEE7-07E9-4B87-908C-4EE8E9D670BA}.Debug|Mixed Platforms.ActiveCfg = Debug|Any CPU
		{A355AEE7-07E9-4B87-908C-4EE8E9D670BA}.Debug|Mixed Platforms.Build.0 = Debug|Any CPU
		{A355AEE7-07E9-4B87-908C-4EE8E9D670BA}.Debug|x86.ActiveCfg = Debug|Any CPU
		{A355AEE7-07E9-4B87-908C-4EE8E9D670BA}.Debug|x86.Build.0 = Debug|Any CPU
		{A355AEE7-07E9-4B87-908C-4EE8E9D670BA}.Release|Any CPU.ActiveCfg = Release|Any CPU
		{A355AEE7-07E9-4B87-908C-4EE8E9D670BA}.Release|Any CPU.Build.0 = Release|Any CPU
		{A355AEE7-07E9-4B87-908C-4EE8E9D670BA}.Release|Mixed Platforms.ActiveCfg = Release|Any CPU
		{A355AEE7-07E9-4B87-908C-4EE8E9D670BA}.Release|Mixed Platforms.Build.0 = Release|Any CPU
		{A355AEE7-07E9-4B87-908C-4EE8E9D670BA}.Release|x86.ActiveCfg = Release|Any CPU
		{A355AEE7-07E9-4B87-908C-4EE8E9D670BA}.Release|x86.Build.0 = Release|Any CPU
	EndGlobalSection
	GlobalSection(SolutionProperties) = preSolution
		HideSolutionNode = FALSE
	EndGlobalSection
	GlobalSection(ExtensibilityGlobals) = postSolution
		SolutionGuid = {41C0BAE7-F119-40CA-94E7-371C9A8173BA}
	EndGlobalSection
EndGlobal
